
Microsoft Visual Studio Solution File, Format Version 12.00
# Visual Studio Version 16
VisualStudioVersion = 16.0.29424.173
MinimumVisualStudioVersion = 10.0.40219.1
Project("{FAE04EC0-301F-11D3-BF4B-00C04F79EFBC}") = "SociosClubApp", "SociosClubApp.csproj", "{FFD6EF1C-5495-4B7A-8B82-35E9EF5C416E}"
EndProject
Global
	GlobalSection(SolutionConfigurationPlatforms) = preSolution
		Debug|Any CPU = Debug|Any CPU
		Release|Any CPU = Release|Any CPU
	EndGlobalSection
	GlobalSection(ProjectConfigurationPlatforms) = postSolution
		{FFD6EF1C-5495-4B7A-8B82-35E9EF5C416E}.Debug|Any CPU.ActiveCfg = Debug|Any CPU
		{FFD6EF1C-5495-4B7A-8B82-35E9EF5C416E}.Debug|Any CPU.Build.0 = Debug|Any CPU
		{FFD6EF1C-5495-4B7A-8B82-35E9EF5C416E}.Release|Any CPU.ActiveCfg = Release|Any CPU
		{FFD6EF1C-5495-4B7A-8B82-35E9EF5C416E}.Release|Any CPU.Build.0 = Release|Any CPU
	EndGlobalSection
	GlobalSection(SolutionProperties) = preSolution
		HideSolutionNode = FALSE
	EndGlobalSection
	GlobalSection(ExtensibilityGlobals) = postSolution
		SolutionGuid = {13487F7F-C3A3-42BD-A5E6-0475C2EAA9EF}
	EndGlobalSection
EndGlobal
